
Microsoft Visual Studio Solution File, Format Version 12.00
# Visual Studio Version 16
VisualStudioVersion = 16.0.31321.278
MinimumVisualStudioVersion = 10.0.40219.1
Project("{9A19103F-16F7-4668-BE54-9A1E7A4F7556}") = "记账App", "记账App.csproj", "{842595AE-643A-4FAF-972B-57E3A7F9F0D2}"
EndProject
Global
	GlobalSection(SolutionConfigurationPlatforms) = preSolution
		Debug|Any CPU = Debug|Any CPU
		Release|Any CPU = Release|Any CPU
	EndGlobalSection
	GlobalSection(ProjectConfigurationPlatforms) = postSolution
		{842595AE-643A-4FAF-972B-57E3A7F9F0D2}.Debug|Any CPU.ActiveCfg = Debug|Any CPU
		{842595AE-643A-4FAF-972B-57E3A7F9F0D2}.Debug|Any CPU.Build.0 = Debug|Any CPU
		{842595AE-643A-4FAF-972B-57E3A7F9F0D2}.Release|Any CPU.ActiveCfg = Release|Any CPU
		{842595AE-643A-4FAF-972B-57E3A7F9F0D2}.Release|Any CPU.Build.0 = Release|Any CPU
	EndGlobalSection
	GlobalSection(SolutionProperties) = preSolution
		HideSolutionNode = FALSE
	EndGlobalSection
	GlobalSection(ExtensibilityGlobals) = postSolution
		SolutionGuid = {FB2970E3-2F2B-4523-9B8C-77DCBC8144CF}
	EndGlobalSection
EndGlobal
